
Microsoft Visual Studio Solution File, Format Version 11.00
# Visual Studio 2010
Project("{FAE04EC0-301F-11D3-BF4B-00C04F79EFBC}") = "SourceTreeTest", "Assembly-CSharp.csproj", "{76A05606-E316-BD06-9EB8-4CD830E397F8}"
EndProject
Project("{FAE04EC0-301F-11D3-BF4B-00C04F79EFBC}") = "SourceTreeTest", "Assembly-CSharp-Editor.csproj", "{F566E0C8-A632-0562-5D46-EBF74252FC94}"
EndProject
Global
	GlobalSection(SolutionConfigurationPlatforms) = preSolution
		Debug|Any CPU = Debug|Any CPU
		Release|Any CPU = Release|Any CPU
	EndGlobalSection
	GlobalSection(ProjectConfigurationPlatforms) = postSolution
		{76A05606-E316-BD06-9EB8-4CD830E397F8}.Debug|Any CPU.ActiveCfg = Debug|Any CPU
		{76A05606-E316-BD06-9EB8-4CD830E397F8}.Debug|Any CPU.Build.0 = Debug|Any CPU
		{76A05606-E316-BD06-9EB8-4CD830E397F8}.Release|Any CPU.ActiveCfg = Release|Any CPU
		{76A05606-E316-BD06-9EB8-4CD830E397F8}.Release|Any CPU.Build.0 = Release|Any CPU
		{F566E0C8-A632-0562-5D46-EBF74252FC94}.Debug|Any CPU.ActiveCfg = Debug|Any CPU
		{F566E0C8-A632-0562-5D46-EBF74252FC94}.Debug|Any CPU.Build.0 = Debug|Any CPU
		{F566E0C8-A632-0562-5D46-EBF74252FC94}.Release|Any CPU.ActiveCfg = Release|Any CPU
		{F566E0C8-A632-0562-5D46-EBF74252FC94}.Release|Any CPU.Build.0 = Release|Any CPU
	EndGlobalSection
	GlobalSection(SolutionProperties) = preSolution
		HideSolutionNode = FALSE
	EndGlobalSection
	GlobalSection(MonoDevelopProperties) = preSolution
		StartupItem = Assembly-CSharp.csproj
	EndGlobalSection
EndGlobal
